
Microsoft Visual Studio Solution File, Format Version 12.00
# Visual Studio Version 16
VisualStudioVersion = 16.0.31702.278
MinimumVisualStudioVersion = 10.0.40219.1
Project("{FAE04EC0-301F-11D3-BF4B-00C04F79EFBC}") = "API", "API\API.csproj", "{9D560749-8E1E-4D4A-8793-62D69A9F75E1}"
EndProject
Project("{FAE04EC0-301F-11D3-BF4B-00C04F79EFBC}") = "API.W", "API.W\API.W.csproj", "{628B664C-0244-4E49-AA1E-AEC15012CC64}"
EndProject
Project("{FAE04EC0-301F-11D3-BF4B-00C04F79EFBC}") = "BS", "BS\BS.csproj", "{7287F6D6-4275-4330-82B5-C12D334A88C9}"
EndProject
Project("{FAE04EC0-301F-11D3-BF4B-00C04F79EFBC}") = "DAL", "DAL\DAL.csproj", "{9FA66FE6-7303-4EA0-8D0D-772B2B2AC61F}"
EndProject
Project("{FAE04EC0-301F-11D3-BF4B-00C04F79EFBC}") = "DAL.DO", "DAL.DO\DAL.DO.csproj", "{F3E5CF46-4331-4E40-8EFD-652A958EA947}"
EndProject
Project("{FAE04EC0-301F-11D3-BF4B-00C04F79EFBC}") = "DAL.EF", "DAL.EF\DAL.EF.csproj", "{99F40A01-8306-46FA-8852-7A157BEB06F8}"
EndProject
Project("{FAE04EC0-301F-11D3-BF4B-00C04F79EFBC}") = "DAL.Repository", "DAL.Repository\DAL.Repository.csproj", "{E89286F2-E47F-4C06-9546-8AB7B4B12BB7}"
EndProject
Global
	GlobalSection(SolutionConfigurationPlatforms) = preSolution
		Debug|Any CPU = Debug|Any CPU
		Release|Any CPU = Release|Any CPU
	EndGlobalSection
	GlobalSection(ProjectConfigurationPlatforms) = postSolution
		{9D560749-8E1E-4D4A-8793-62D69A9F75E1}.Debug|Any CPU.ActiveCfg = Debug|Any CPU
		{9D560749-8E1E-4D4A-8793-62D69A9F75E1}.Debug|Any CPU.Build.0 = Debug|Any CPU
		{9D560749-8E1E-4D4A-8793-62D69A9F75E1}.Release|Any CPU.ActiveCfg = Release|Any CPU
		{9D560749-8E1E-4D4A-8793-62D69A9F75E1}.Release|Any CPU.Build.0 = Release|Any CPU
		{628B664C-0244-4E49-AA1E-AEC15012CC64}.Debug|Any CPU.ActiveCfg = Debug|Any CPU
		{628B664C-0244-4E49-AA1E-AEC15012CC64}.Debug|Any CPU.Build.0 = Debug|Any CPU
		{628B664C-0244-4E49-AA1E-AEC15012CC64}.Release|Any CPU.ActiveCfg = Release|Any CPU
		{628B664C-0244-4E49-AA1E-AEC15012CC64}.Release|Any CPU.Build.0 = Release|Any CPU
		{7287F6D6-4275-4330-82B5-C12D334A88C9}.Debug|Any CPU.ActiveCfg = Debug|Any CPU
		{7287F6D6-4275-4330-82B5-C12D334A88C9}.Debug|Any CPU.Build.0 = Debug|Any CPU
		{7287F6D6-4275-4330-82B5-C12D334A88C9}.Release|Any CPU.ActiveCfg = Release|Any CPU
		{7287F6D6-4275-4330-82B5-C12D334A88C9}.Release|Any CPU.Build.0 = Release|Any CPU
		{9FA66FE6-7303-4EA0-8D0D-772B2B2AC61F}.Debug|Any CPU.ActiveCfg = Debug|Any CPU
		{9FA66FE6-7303-4EA0-8D0D-772B2B2AC61F}.Debug|Any CPU.Build.0 = Debug|Any CPU
		{9FA66FE6-7303-4EA0-8D0D-772B2B2AC61F}.Release|Any CPU.ActiveCfg = Release|Any CPU
		{9FA66FE6-7303-4EA0-8D0D-772B2B2AC61F}.Release|Any CPU.Build.0 = Release|Any CPU
		{F3E5CF46-4331-4E40-8EFD-652A958EA947}.Debug|Any CPU.ActiveCfg = Debug|Any CPU
		{F3E5CF46-4331-4E40-8EFD-652A958EA947}.Debug|Any CPU.Build.0 = Debug|Any CPU
		{F3E5CF46-4331-4E40-8EFD-652A958EA947}.Release|Any CPU.ActiveCfg = Release|Any CPU
		{F3E5CF46-4331-4E40-8EFD-652A958EA947}.Release|Any CPU.Build.0 = Release|Any CPU
		{99F40A01-8306-46FA-8852-7A157BEB06F8}.Debug|Any CPU.ActiveCfg = Debug|Any CPU
		{99F40A01-8306-46FA-8852-7A157BEB06F8}.Debug|Any CPU.Build.0 = Debug|Any CPU
		{99F40A01-8306-46FA-8852-7A157BEB06F8}.Release|Any CPU.ActiveCfg = Release|Any CPU
		{99F40A01-8306-46FA-8852-7A157BEB06F8}.Release|Any CPU.Build.0 = Release|Any CPU
		{E89286F2-E47F-4C06-9546-8AB7B4B12BB7}.Debug|Any CPU.ActiveCfg = Debug|Any CPU
		{E89286F2-E47F-4C06-9546-8AB7B4B12BB7}.Debug|Any CPU.Build.0 = Debug|Any CPU
		{E89286F2-E47F-4C06-9546-8AB7B4B12BB7}.Release|Any CPU.ActiveCfg = Release|Any CPU
		{E89286F2-E47F-4C06-9546-8AB7B4B12BB7}.Release|Any CPU.Build.0 = Release|Any CPU
	EndGlobalSection
	GlobalSection(SolutionProperties) = preSolution
		HideSolutionNode = FALSE
	EndGlobalSection
	GlobalSection(ExtensibilityGlobals) = postSolution
		SolutionGuid = {7D51B7C1-BC70-4856-B1CE-278C1021E633}
	EndGlobalSection
EndGlobal
